<?xml version="1.0" encoding="utf-8"?>
<Project ToolsVersion="4.0" xmlns="http://schemas.microsoft.com/developer/msbuild/2003">
  <ItemGroup>
    <Filter Include="res">
      <UniqueIdentifier>{e9f40066-d615-41a9-b7d0-06b02587923a}</UniqueIdentifier>
    </Filter>
    <Filter Include="res\shaders">
      <UniqueIdentifier>{13cfda8d-bfa5-4aab-9d8c-51cb7342383d}</UniqueIdentifier>
    </Filter>
    <Filter Include="src">
      <UniqueIdentifier>{8da3f885-ac73-43fa-b1cf-9f31a302ac5c}</UniqueIdentifier>
    </Filter>
    <Filter Include="src\Omotura">
      <UniqueIdentifier>{c87d3521-553e-4c3b-9adc-1719d4ec02d8}</UniqueIdentifier>
    </Filter>
    <Filter Include="src\Omotura\API">
      <UniqueIdentifier>{8178ef71-c503-4abe-b5c4-77b770832c2c}</UniqueIdentifier>
    </Filter>
    <Filter Include="src\Omotura\BackEnd">
      <UniqueIdentifier>{f20eddc3-7ca3-4d87-ac00-d713c92c5284}</UniqueIdentifier>
    </Filter>
    <Filter Include="src\Omotura\Common">
      <UniqueIdentifier>{907ca0fb-7338-4280-b482-5b969e4c0564}</UniqueIdentifier>
    </Filter>
    <Filter Include="src\Omotura\Core">
      <UniqueIdentifier>{0e085d75-f06c-49f9-bcfa-823a01beec3a}</UniqueIdentifier>
    </Filter>
    <Filter Include="src\Omotura\Physics">
      <UniqueIdentifier>{93460cad-038b-48ff-b5b2-b1e96c0a960a}</UniqueIdentifier>
    </Filter>
    <Filter Include="src\Omotura\Renderer">
      <UniqueIdentifier>{a8850d08-e10a-49ea-9f96-2458203719f7}</UniqueIdentifier>
    </Filter>
    <Filter Include="src\Omotura\Utils">
      <UniqueIdentifier>{e38113aa-6887-49ec-8f3c-f3c2c3c239e7}</UniqueIdentifier>
    </Filter>
    <Filter Include="src\Omotura\Asset">
      <UniqueIdentifier>{d79993aa-b65a-4918-8fd9-cee60e89f913}</UniqueIdentifier>
    </Filter>
    <Filter Include="src\Omotura\Input">
      <UniqueIdentifier>{5ac70aca-11c3-4340-99bf-b99d17c03b5b}</UniqueIdentifier>
    </Filter>
    <Filter Include="src\Omotura\Audio">
      <UniqueIdentifier>{1a5af70b-6cb4-44cb-91e7-ba107d1b3909}</UniqueIdentifier>
    </Filter>
    <Filter Include="src\Omotura\Core\StateMachine">
      <UniqueIdentifier>{4f298875-85f3-4ed5-9a20-5d298a028b1e}</UniqueIdentifier>
    </Filter>
    <Filter Include="src\Omotura\Core\PlayerStates">
      <UniqueIdentifier>{20583c27-56cd-4ca2-93bc-a3cd2ac62c70}</UniqueIdentifier>
    </Filter>
    <Filter Include="ImGui">
      <UniqueIdentifier>{4615f9e5-328b-4b9f-8265-6f374163b116}</UniqueIdentifier>
    </Filter>
    <Filter Include="src\Omotura\Core\DebugHelpers">
      <UniqueIdentifier>{cc48d45d-5e60-4a8a-aa7c-733c6dc798a3}</UniqueIdentifier>
    </Filter>
    <Filter Include="ImGui_Impl">
      <UniqueIdentifier>{dd7d9089-d5e7-4f00-a9b0-f7ac77dbfe91}</UniqueIdentifier>
    </Filter>
    <Filter Include="src\Omotura\Core\Terrain">
      <UniqueIdentifier>{b25c807d-7923-486f-b0e6-6b648e7a75d4}</UniqueIdentifier>
    </Filter>
  </ItemGroup>
  <ItemGroup>
    <None Include="res\shaders\default.vert">
      <Filter>res\shaders</Filter>
    </None>
    <None Include="res\shaders\light.frag">
      <Filter>res\shaders</Filter>
    </None>
    <None Include="res\shaders\light.vert">
      <Filter>res\shaders</Filter>
    </None>
    <None Include="res\shaders\skybox.frag">
      <Filter>res\shaders</Filter>
    </None>
    <None Include="res\shaders\skybox.vert">
      <Filter>res\shaders</Filter>
    </None>
    <None Include="res\shaders\default.frag">
      <Filter>res\shaders</Filter>
    </None>
    <None Include="res\shaders\skinning.frag">
      <Filter>res\shaders</Filter>
    </None>
    <None Include="res\shaders\skinning.vert">
      <Filter>res\shaders</Filter>
    </None>
    <None Include="res\shaders\debug.frag">
      <Filter>res\shaders</Filter>
    </None>
    <None Include="res\shaders\debug.vert">
      <Filter>res\shaders</Filter>
    </None>
    <None Include="res\shaders\tesselation.vert">
      <Filter>res\shaders</Filter>
    </None>
    <None Include="res\shaders\tesselation.frag">
      <Filter>res\shaders</Filter>
    </None>
    <None Include="res\shaders\tesselation.tcs">
      <Filter>res\shaders</Filter>
    </None>
    <None Include="res\shaders\tesselation.tes">
      <Filter>res\shaders</Filter>
    </None>
  </ItemGroup>
  <ItemGroup>
    <ClCompile Include="src\Omotura\Engine.cpp" />
    <ClCompile Include="src\Omotura\main.cpp" />
    <ClCompile Include="src\Omotura\stb.cpp" />
    <ClCompile Include="src\Omotura\Core\Animator.cpp">
      <Filter>src\Omotura\Core</Filter>
    </ClCompile>
    <ClCompile Include="src\Omotura\BackEnd\BackEnd.cpp">
      <Filter>src\Omotura\BackEnd</Filter>
    </ClCompile>
    <ClCompile Include="src\Omotura\Core\Camera.cpp">
      <Filter>src\Omotura\Core</Filter>
    </ClCompile>
    <ClCompile Include="src\Omotura\Core\Game.cpp">
      <Filter>src\Omotura\Core</Filter>
    </ClCompile>
    <ClCompile Include="src\Omotura\Core\GameObject.cpp">
      <Filter>src\Omotura\Core</Filter>
    </ClCompile>
    <ClCompile Include="src\Omotura\Core\Transform.cpp">
      <Filter>src\Omotura\Core</Filter>
    </ClCompile>
    <ClCompile Include="src\Omotura\Renderer\Renderer.cpp">
      <Filter>src\Omotura\Renderer</Filter>
    </ClCompile>
    <ClCompile Include="src\Omotura\Renderer\Shader.cpp">
      <Filter>src\Omotura\Renderer</Filter>
    </ClCompile>
    <ClCompile Include="src\Omotura\Renderer\Texture.cpp">
      <Filter>src\Omotura\Renderer</Filter>
    </ClCompile>
    <ClCompile Include="src\Omotura\Asset\AssetManager.cpp">
      <Filter>src\Omotura\Asset</Filter>
    </ClCompile>
    <ClCompile Include="src\Omotura\Asset\TextureImporter.cpp">
      <Filter>src\Omotura\Asset</Filter>
    </ClCompile>
    <ClCompile Include="src\Omotura\API\OpenGLTexture.cpp">
      <Filter>src\Omotura\API</Filter>
    </ClCompile>
    <ClCompile Include="src\Omotura\Asset\ModelImporter.cpp">
      <Filter>src\Omotura\Asset</Filter>
    </ClCompile>
    <ClCompile Include="src\Omotura\Asset\Asset.cpp">
      <Filter>src\Omotura\Asset</Filter>
    </ClCompile>
    <ClCompile Include="src\Omotura\Asset\AssetImporter.cpp">
      <Filter>src\Omotura\Asset</Filter>
    </ClCompile>
    <ClCompile Include="src\Omotura\Core\UUID.cpp">
      <Filter>src\Omotura\Core</Filter>
    </ClCompile>
    <ClCompile Include="..\include\compressonator\DDS_Helpers.cpp" />
    <ClCompile Include="src\Omotura\Renderer\FrameBuffer.cpp">
      <Filter>src\Omotura\Renderer</Filter>
    </ClCompile>
    <ClCompile Include="src\Omotura\Renderer\Model.cpp">
      <Filter>src\Omotura\Renderer</Filter>
    </ClCompile>
    <ClCompile Include="src\Omotura\Renderer\OpenGLRenderer.cpp">
      <Filter>src\Omotura\Renderer</Filter>
    </ClCompile>
    <ClCompile Include="src\Omotura\Asset\AnimationImporter.cpp">
      <Filter>src\Omotura\Asset</Filter>
    </ClCompile>
    <ClCompile Include="src\Omotura\Core\Animation.cpp">
      <Filter>src\Omotura\Core</Filter>
    </ClCompile>
    <ClCompile Include="src\Omotura\Asset\SkinnedModelImporter.cpp">
      <Filter>src\Omotura\Asset</Filter>
    </ClCompile>
    <ClCompile Include="src\Omotura\Renderer\SkinnedModel.cpp">
      <Filter>src\Omotura\Renderer</Filter>
    </ClCompile>
    <ClCompile Include="src\Omotura\Core\Scene.cpp">
      <Filter>src\Omotura\Core</Filter>
    </ClCompile>
    <ClCompile Include="src\Omotura\Core\Player.cpp">
      <Filter>src\Omotura\Core</Filter>
    </ClCompile>
    <ClCompile Include="src\Omotura\Input\Input.cpp">
      <Filter>src\Omotura\Input</Filter>
    </ClCompile>
    <ClCompile Include="src\Omotura\Core\PlayerInput.cpp">
      <Filter>src\Omotura\Core</Filter>
    </ClCompile>
    <ClCompile Include="src\Omotura\Audio\Audio.cpp">
      <Filter>src\Omotura\Audio</Filter>
    </ClCompile>
    <ClCompile Include="src\Omotura\Asset\AudioImporter.cpp">
      <Filter>src\Omotura\Asset</Filter>
    </ClCompile>
    <ClCompile Include="src\Omotura\Audio\AudioClip.cpp">
      <Filter>src\Omotura\Audio</Filter>
    </ClCompile>
    <ClCompile Include="src\Omotura\Core\StateMachine\FuncPredicate.cpp">
      <Filter>src\Omotura\Core\StateMachine</Filter>
    </ClCompile>
    <ClCompile Include="src\Omotura\Core\StateMachine\Transition.cpp">
      <Filter>src\Omotura\Core\StateMachine</Filter>
    </ClCompile>
    <ClCompile Include="src\Omotura\Core\StateMachine\StateMachine.cpp">
      <Filter>src\Omotura\Core\StateMachine</Filter>
    </ClCompile>
    <ClCompile Include="src\Omotura\Core\AnimatorManager.cpp">
      <Filter>src\Omotura\Core</Filter>
    </ClCompile>
    <ClCompile Include="src\Omotura\Core\PlayerStates\IdleState.cpp">
      <Filter>src\Omotura\Core\PlayerStates</Filter>
    </ClCompile>
    <ClCompile Include="src\Omotura\Core\PlayerStates\WalkState.cpp">
      <Filter>src\Omotura\Core\PlayerStates</Filter>
    </ClCompile>
    <ClCompile Include="src\Omotura\Core\PlayerStates\AttackState.cpp">
      <Filter>src\Omotura\Core\PlayerStates</Filter>
    </ClCompile>
    <ClCompile Include="src\Omotura\Core\PlayerStates\ReloadState.cpp">
      <Filter>src\Omotura\Core\PlayerStates</Filter>
    </ClCompile>
    <ClCompile Include="src\Omotura\Core\PlayerStates\AimTransitionState.cpp">
      <Filter>src\Omotura\Core\PlayerStates</Filter>
    </ClCompile>
    <ClCompile Include="src\Omotura\Core\PlayerStates\AimIdleState.cpp">
      <Filter>src\Omotura\Core\PlayerStates</Filter>
    </ClCompile>
    <ClCompile Include="src\Omotura\Core\PlayerStates\AimWalkState.cpp">
      <Filter>src\Omotura\Core\PlayerStates</Filter>
    </ClCompile>
    <ClCompile Include="src\Omotura\Core\PlayerStates\AimAttackState.cpp">
      <Filter>src\Omotura\Core\PlayerStates</Filter>
    </ClCompile>
    <ClCompile Include="src\Omotura\Core\PlayerStates\DrawState.cpp">
      <Filter>src\Omotura\Core\PlayerStates</Filter>
    </ClCompile>
    <ClCompile Include="..\include\imgui\imgui_draw.cpp">
      <Filter>ImGui</Filter>
    </ClCompile>
    <ClCompile Include="..\include\imgui\imgui_tables.cpp">
      <Filter>ImGui</Filter>
    </ClCompile>
    <ClCompile Include="..\include\imgui\imgui_widgets.cpp">
      <Filter>ImGui</Filter>
    </ClCompile>
    <ClCompile Include="..\include\imgui\imgui.cpp">
      <Filter>ImGui</Filter>
    </ClCompile>
    <ClCompile Include="..\include\imgui\imgui_impl_glfw.cpp">
      <Filter>ImGui_Impl</Filter>
    </ClCompile>
    <ClCompile Include="..\include\imgui\imgui_impl_opengl3.cpp">
      <Filter>ImGui_Impl</Filter>
    </ClCompile>
    <ClCompile Include="src\Omotura\Core\Time.cpp">
      <Filter>src\Omotura\Core</Filter>
    </ClCompile>
    <ClCompile Include="src\Omotura\Core\DebugHelpers\DebugMenu.cpp">
      <Filter>src\Omotura\Core\DebugHelpers</Filter>
    </ClCompile>
    <ClCompile Include="src\Omotura\Core\DebugHelpers\DebugDraw.cpp">
      <Filter>src\Omotura\Core\DebugHelpers</Filter>
    </ClCompile>
    <ClCompile Include="src\Omotura\Asset\FontImporter.cpp">
      <Filter>src\Omotura\Asset</Filter>
    </ClCompile>
    <ClCompile Include="src\Omotura\Renderer\Font.cpp">
      <Filter>src\Omotura\Renderer</Filter>
    </ClCompile>
    <ClCompile Include="src\Omotura\Core\Terrain\Noise.cpp">
      <Filter>src\Omotura\Core\Terrain</Filter>
    </ClCompile>
    <ClCompile Include="src\Omotura\Core\Terrain\Terrain.cpp">
      <Filter>src\Omotura\Core\Terrain</Filter>
    </ClCompile>
    <ClCompile Include="src\Omotura\glad.c" />
    <ClCompile Include="src\Omotura\Core\Terrain\TextureGenerator.cpp">
      <Filter>src\Omotura\Core\Terrain</Filter>
    </ClCompile>
    <ClCompile Include="src\Omotura\Core\Terrain\STBImage.cpp">
      <Filter>src\Omotura\Core\Terrain</Filter>
    </ClCompile>
  </ItemGroup>
  <ItemGroup>
    <ClInclude Include="src\Omotura\Engine.h" />
    <ClInclude Include="src\Omotura\Core\Animator.h">
      <Filter>src\Omotura\Core</Filter>
    </ClInclude>
    <ClInclude Include="src\Omotura\BackEnd\BackEnd.h">
      <Filter>src\Omotura\BackEnd</Filter>
    </ClInclude>
    <ClInclude Include="src\Omotura\Core\Camera.h">
      <Filter>src\Omotura\Core</Filter>
    </ClInclude>
    <ClInclude Include="src\Omotura\Common\Common.h">
      <Filter>src\Omotura\Common</Filter>
    </ClInclude>
    <ClInclude Include="src\Omotura\Core\Game.h">
      <Filter>src\Omotura\Core</Filter>
    </ClInclude>
    <ClInclude Include="src\Omotura\Core\GameObject.h">
      <Filter>src\Omotura\Core</Filter>
    </ClInclude>
    <ClInclude Include="src\Omotura\Core\Transform.h">
      <Filter>src\Omotura\Core</Filter>
    </ClInclude>
    <ClInclude Include="src\Omotura\Utils\Math.hpp">
      <Filter>src\Omotura\Utils</Filter>
    </ClInclude>
    <ClInclude Include="src\Omotura\Renderer\Material.h">
      <Filter>src\Omotura\Renderer</Filter>
    </ClInclude>
    <ClInclude Include="src\Omotura\Renderer\Mesh.h">
      <Filter>src\Omotura\Renderer</Filter>
    </ClInclude>
    <ClInclude Include="src\Omotura\Renderer\Renderer.h">
      <Filter>src\Omotura\Renderer</Filter>
    </ClInclude>
    <ClInclude Include="src\Omotura\Renderer\Shader.h">
      <Filter>src\Omotura\Renderer</Filter>
    </ClInclude>
    <ClInclude Include="src\Omotura\Renderer\Texture.h">
      <Filter>src\Omotura\Renderer</Filter>
    </ClInclude>
    <ClInclude Include="src\Omotura\Asset\AssetManager.h">
      <Filter>src\Omotura\Asset</Filter>
    </ClInclude>
    <ClInclude Include="src\Omotura\Asset\AssetImporter.h">
      <Filter>src\Omotura\Asset</Filter>
    </ClInclude>
    <ClInclude Include="src\Omotura\Asset\AssetInfo.h">
      <Filter>src\Omotura\Asset</Filter>
    </ClInclude>
    <ClInclude Include="src\Omotura\Asset\TextureImporter.h">
      <Filter>src\Omotura\Asset</Filter>
    </ClInclude>
    <ClInclude Include="src\Omotura\API\OpenGLTexture.h">
      <Filter>src\Omotura\API</Filter>
    </ClInclude>
    <ClInclude Include="src\Omotura\Asset\ModelImporter.h">
      <Filter>src\Omotura\Asset</Filter>
    </ClInclude>
    <ClInclude Include="src\Omotura\Asset\Asset.h">
      <Filter>src\Omotura\Asset</Filter>
    </ClInclude>
    <ClInclude Include="src\Omotura\Core\UUID.h">
      <Filter>src\Omotura\Core</Filter>
    </ClInclude>
    <ClInclude Include="src\Omotura\Utils\Utils.hpp">
      <Filter>src\Omotura\Utils</Filter>
    </ClInclude>
    <ClInclude Include="src\Omotura\Renderer\FrameBuffer.h">
      <Filter>src\Omotura\Renderer</Filter>
    </ClInclude>
    <ClInclude Include="src\Omotura\Renderer\RendererCommon.h">
      <Filter>src\Omotura\Renderer</Filter>
    </ClInclude>
    <ClInclude Include="src\Omotura\Renderer\RenderData.h">
      <Filter>src\Omotura\Renderer</Filter>
    </ClInclude>
    <ClInclude Include="src\Omotura\Core\Light.h">
      <Filter>src\Omotura\Core</Filter>
    </ClInclude>
    <ClInclude Include="src\Omotura\Renderer\Model.h">
      <Filter>src\Omotura\Renderer</Filter>
    </ClInclude>
    <ClInclude Include="src\Omotura\Renderer\OpenGLRenderer.h">
      <Filter>src\Omotura\Renderer</Filter>
    </ClInclude>
    <ClInclude Include="src\Omotura\Asset\AnimationImporter.h">
      <Filter>src\Omotura\Asset</Filter>
    </ClInclude>
    <ClInclude Include="src\Omotura\Core\Animation.h">
      <Filter>src\Omotura\Core</Filter>
    </ClInclude>
    <ClInclude Include="src\Omotura\Asset\SkinnedModelImporter.h">
      <Filter>src\Omotura\Asset</Filter>
    </ClInclude>
    <ClInclude Include="src\Omotura\Renderer\SkinnedModel.h">
      <Filter>src\Omotura\Renderer</Filter>
    </ClInclude>
    <ClInclude Include="src\Omotura\Core\Scene.h">
      <Filter>src\Omotura\Core</Filter>
    </ClInclude>
    <ClInclude Include="src\Omotura\Core\Player.h">
      <Filter>src\Omotura\Core</Filter>
    </ClInclude>
    <ClInclude Include="src\Omotura\Input\Input.h">
      <Filter>src\Omotura\Input</Filter>
    </ClInclude>
    <ClInclude Include="src\Omotura\Input\KeyCodes.h">
      <Filter>src\Omotura\Input</Filter>
    </ClInclude>
    <ClInclude Include="src\Omotura\Core\PlayerInput.h">
      <Filter>src\Omotura\Core</Filter>
    </ClInclude>
    <ClInclude Include="src\Omotura\Audio\Audio.h">
      <Filter>src\Omotura\Audio</Filter>
    </ClInclude>
    <ClInclude Include="src\Omotura\Asset\AudioImporter.h">
      <Filter>src\Omotura\Asset</Filter>
    </ClInclude>
    <ClInclude Include="src\Omotura\Audio\AudioClip.h">
      <Filter>src\Omotura\Audio</Filter>
    </ClInclude>
    <ClInclude Include="src\Omotura\Core\StateMachine\State.h">
      <Filter>src\Omotura\Core\StateMachine</Filter>
    </ClInclude>
    <ClInclude Include="src\Omotura\Core\StateMachine\FuncPredicate.h">
      <Filter>src\Omotura\Core\StateMachine</Filter>
    </ClInclude>
    <ClInclude Include="src\Omotura\Core\StateMachine\Transition.h">
      <Filter>src\Omotura\Core\StateMachine</Filter>
    </ClInclude>
    <ClInclude Include="src\Omotura\Core\StateMachine\StateMachine.h">
      <Filter>src\Omotura\Core\StateMachine</Filter>
    </ClInclude>
    <ClInclude Include="src\Omotura\Core\AnimatorManager.h">
      <Filter>src\Omotura\Core</Filter>
    </ClInclude>
    <ClInclude Include="src\Omotura\Core\PlayerStates\IdleState.h">
      <Filter>src\Omotura\Core\PlayerStates</Filter>
    </ClInclude>
    <ClInclude Include="src\Omotura\Core\PlayerStates\WalkState.h">
      <Filter>src\Omotura\Core\PlayerStates</Filter>
    </ClInclude>
    <ClInclude Include="src\Omotura\Core\PlayerStates\AttackState.h">
      <Filter>src\Omotura\Core\PlayerStates</Filter>
    </ClInclude>
    <ClInclude Include="src\Omotura\Core\PlayerStates\ReloadState.h">
      <Filter>src\Omotura\Core\PlayerStates</Filter>
    </ClInclude>
    <ClInclude Include="src\Omotura\Core\PlayerStates\AimTransitionState.h">
      <Filter>src\Omotura\Core\PlayerStates</Filter>
    </ClInclude>
    <ClInclude Include="src\Omotura\Core\PlayerStates\AimIdleState.h">
      <Filter>src\Omotura\Core\PlayerStates</Filter>
    </ClInclude>
    <ClInclude Include="src\Omotura\Core\PlayerStates\AimWalkState.h">
      <Filter>src\Omotura\Core\PlayerStates</Filter>
    </ClInclude>
    <ClInclude Include="src\Omotura\Core\PlayerStates\AimAttackState.h">
      <Filter>src\Omotura\Core\PlayerStates</Filter>
    </ClInclude>
    <ClInclude Include="src\Omotura\Core\PlayerStates\DrawState.h">
      <Filter>src\Omotura\Core\PlayerStates</Filter>
    </ClInclude>
    <ClInclude Include="..\include\imgui\imgui.h">
      <Filter>ImGui</Filter>
    </ClInclude>
    <ClInclude Include="..\include\imgui\imgui_internal.h">
      <Filter>ImGui</Filter>
    </ClInclude>
    <ClInclude Include="..\include\imgui\imstb_rectpack.h">
      <Filter>ImGui</Filter>
    </ClInclude>
    <ClInclude Include="..\include\imgui\imstb_textedit.h">
      <Filter>ImGui</Filter>
    </ClInclude>
    <ClInclude Include="..\include\imgui\imstb_truetype.h">
      <Filter>ImGui</Filter>
    </ClInclude>
    <ClInclude Include="..\include\imgui\imconfig.h">
      <Filter>ImGui</Filter>
    </ClInclude>
    <ClInclude Include="..\include\imgui\imgui_impl_glfw.h">
      <Filter>ImGui_Impl</Filter>
    </ClInclude>
    <ClInclude Include="..\include\imgui\imgui_impl_opengl3.h">
      <Filter>ImGui_Impl</Filter>
    </ClInclude>
    <ClInclude Include="..\include\imgui\imgui_impl_opengl3_loader.h">
      <Filter>ImGui_Impl</Filter>
    </ClInclude>
    <ClInclude Include="src\Omotura\Core\Time.h">
      <Filter>src\Omotura\Core</Filter>
    </ClInclude>
    <ClInclude Include="src\Omotura\Core\DebugHelpers\DebugMenu.h">
      <Filter>src\Omotura\Core\DebugHelpers</Filter>
    </ClInclude>
    <ClInclude Include="src\Omotura\Core\DebugHelpers\DebugDraw.h">
      <Filter>src\Omotura\Core\DebugHelpers</Filter>
    </ClInclude>
    <ClInclude Include="src\Omotura\Asset\FontImporter.h">
      <Filter>src\Omotura\Asset</Filter>
    </ClInclude>
    <ClInclude Include="src\Omotura\Renderer\Font.h">
      <Filter>src\Omotura\Renderer</Filter>
    </ClInclude>
    <ClInclude Include="src\Omotura\Core\Terrain\Noise.h">
      <Filter>src\Omotura\Core\Terrain</Filter>
    </ClInclude>
    <ClInclude Include="src\Omotura\Core\Terrain\Terrain.h">
      <Filter>src\Omotura\Core\Terrain</Filter>
    </ClInclude>
    <ClInclude Include="src\Omotura\Core\Terrain\TextureGenerator.h">
      <Filter>src\Omotura\Core\Terrain</Filter>
    </ClInclude>
    <ClInclude Include="src\Omotura\Core\Terrain\STBImage.h">
      <Filter>src\Omotura\Core\Terrain</Filter>
    </ClInclude>
  </ItemGroup>
</Project>